
Microsoft Visual Studio Solution File, Format Version 12.00
# Visual Studio Version 16
VisualStudioVersion = 16.0.30503.244
MinimumVisualStudioVersion = 10.0.40219.1
Project("{FAE04EC0-301F-11D3-BF4B-00C04F79EFBC}") = "TODOLists", "TODOLists\TODOLists.csproj", "{461EC758-A35A-444B-B0EA-7BBE8F545AA1}"
EndProject
Global
	GlobalSection(SolutionConfigurationPlatforms) = preSolution
		Debug|Any CPU = Debug|Any CPU
		Release|Any CPU = Release|Any CPU
	EndGlobalSection
	GlobalSection(ProjectConfigurationPlatforms) = postSolution
		{461EC758-A35A-444B-B0EA-7BBE8F545AA1}.Debug|Any CPU.ActiveCfg = Debug|Any CPU
		{461EC758-A35A-444B-B0EA-7BBE8F545AA1}.Debug|Any CPU.Build.0 = Debug|Any CPU
		{461EC758-A35A-444B-B0EA-7BBE8F545AA1}.Release|Any CPU.ActiveCfg = Release|Any CPU
		{461EC758-A35A-444B-B0EA-7BBE8F545AA1}.Release|Any CPU.Build.0 = Release|Any CPU
	EndGlobalSection
	GlobalSection(SolutionProperties) = preSolution
		HideSolutionNode = FALSE
	EndGlobalSection
	GlobalSection(ExtensibilityGlobals) = postSolution
		SolutionGuid = {C3E98064-1BEE-45A3-A3C0-180EB51FCE5A}
	EndGlobalSection
EndGlobal
